
Microsoft Visual Studio Solution File, Format Version 12.00
# Visual Studio Version 17
VisualStudioVersion = 17.3.32901.215
MinimumVisualStudioVersion = 10.0.40219.1
Project("{FAE04EC0-301F-11D3-BF4B-00C04F79EFBC}") = "01. Ages", "01. Ages\01. Ages.csproj", "{300B8FD7-149A-4CE5-8C30-5832568A31FA}"
EndProject
Project("{FAE04EC0-301F-11D3-BF4B-00C04F79EFBC}") = "02. Division", "02. Division\02. Division.csproj", "{67FC452E-4165-4D48-8F09-0E7857754075}"
EndProject
Global
	GlobalSection(SolutionConfigurationPlatforms) = preSolution
		Debug|Any CPU = Debug|Any CPU
		Release|Any CPU = Release|Any CPU
	EndGlobalSection
	GlobalSection(ProjectConfigurationPlatforms) = postSolution
		{300B8FD7-149A-4CE5-8C30-5832568A31FA}.Debug|Any CPU.ActiveCfg = Debug|Any CPU
		{300B8FD7-149A-4CE5-8C30-5832568A31FA}.Debug|Any CPU.Build.0 = Debug|Any CPU
		{300B8FD7-149A-4CE5-8C30-5832568A31FA}.Release|Any CPU.ActiveCfg = Release|Any CPU
		{300B8FD7-149A-4CE5-8C30-5832568A31FA}.Release|Any CPU.Build.0 = Release|Any CPU
		{67FC452E-4165-4D48-8F09-0E7857754075}.Debug|Any CPU.ActiveCfg = Debug|Any CPU
		{67FC452E-4165-4D48-8F09-0E7857754075}.Debug|Any CPU.Build.0 = Debug|Any CPU
		{67FC452E-4165-4D48-8F09-0E7857754075}.Release|Any CPU.ActiveCfg = Release|Any CPU
		{67FC452E-4165-4D48-8F09-0E7857754075}.Release|Any CPU.Build.0 = Release|Any CPU
	EndGlobalSection
	GlobalSection(SolutionProperties) = preSolution
		HideSolutionNode = FALSE
	EndGlobalSection
	GlobalSection(ExtensibilityGlobals) = postSolution
		SolutionGuid = {E8099C35-F085-4619-AF01-E23BE8920E4F}
	EndGlobalSection
EndGlobal
