
Microsoft Visual Studio Solution File, Format Version 12.00
# Visual Studio Version 17
VisualStudioVersion = 17.3.32901.215
MinimumVisualStudioVersion = 10.0.40219.1
Project("{FAE04EC0-301F-11D3-BF4B-00C04F79EFBC}") = "01. Sort Numbers", "01. Sort Numbers\01. Sort Numbers.csproj", "{7B3BC295-366B-49B9-BE55-B85A2F9F5C7A}"
EndProject
Project("{FAE04EC0-301F-11D3-BF4B-00C04F79EFBC}") = "02. English Name of the Last Digit", "02. English Name of the Last Digit\02. English Name of the Last Digit.csproj", "{A372DE8D-B163-4500-86AC-AD4F0FE421AA}"
EndProject
Project("{FAE04EC0-301F-11D3-BF4B-00C04F79EFBC}") = "03. Gaming Store", "03. Gaming Store\03. Gaming Store.csproj", "{05CE3E4D-6E57-4E7E-B8BA-E01B7EC4B7A2}"
EndProject
Project("{FAE04EC0-301F-11D3-BF4B-00C04F79EFBC}") = "04. Reverse String", "04. Reverse String\04. Reverse String.csproj", "{12C45826-F028-4E7A-8668-A80FD02F3160}"
EndProject
Project("{FAE04EC0-301F-11D3-BF4B-00C04F79EFBC}") = "05. Messages", "05. Messages\05. Messages.csproj", "{40E0846F-DEEB-41F8-8388-6330D7D31D9F}"
EndProject
Global
	GlobalSection(SolutionConfigurationPlatforms) = preSolution
		Debug|Any CPU = Debug|Any CPU
		Release|Any CPU = Release|Any CPU
	EndGlobalSection
	GlobalSection(ProjectConfigurationPlatforms) = postSolution
		{7B3BC295-366B-49B9-BE55-B85A2F9F5C7A}.Debug|Any CPU.ActiveCfg = Debug|Any CPU
		{7B3BC295-366B-49B9-BE55-B85A2F9F5C7A}.Debug|Any CPU.Build.0 = Debug|Any CPU
		{7B3BC295-366B-49B9-BE55-B85A2F9F5C7A}.Release|Any CPU.ActiveCfg = Release|Any CPU
		{7B3BC295-366B-49B9-BE55-B85A2F9F5C7A}.Release|Any CPU.Build.0 = Release|Any CPU
		{A372DE8D-B163-4500-86AC-AD4F0FE421AA}.Debug|Any CPU.ActiveCfg = Debug|Any CPU
		{A372DE8D-B163-4500-86AC-AD4F0FE421AA}.Debug|Any CPU.Build.0 = Debug|Any CPU
		{A372DE8D-B163-4500-86AC-AD4F0FE421AA}.Release|Any CPU.ActiveCfg = Release|Any CPU
		{A372DE8D-B163-4500-86AC-AD4F0FE421AA}.Release|Any CPU.Build.0 = Release|Any CPU
		{05CE3E4D-6E57-4E7E-B8BA-E01B7EC4B7A2}.Debug|Any CPU.ActiveCfg = Debug|Any CPU
		{05CE3E4D-6E57-4E7E-B8BA-E01B7EC4B7A2}.Debug|Any CPU.Build.0 = Debug|Any CPU
		{05CE3E4D-6E57-4E7E-B8BA-E01B7EC4B7A2}.Release|Any CPU.ActiveCfg = Release|Any CPU
		{05CE3E4D-6E57-4E7E-B8BA-E01B7EC4B7A2}.Release|Any CPU.Build.0 = Release|Any CPU
		{12C45826-F028-4E7A-8668-A80FD02F3160}.Debug|Any CPU.ActiveCfg = Debug|Any CPU
		{12C45826-F028-4E7A-8668-A80FD02F3160}.Debug|Any CPU.Build.0 = Debug|Any CPU
		{12C45826-F028-4E7A-8668-A80FD02F3160}.Release|Any CPU.ActiveCfg = Release|Any CPU
		{12C45826-F028-4E7A-8668-A80FD02F3160}.Release|Any CPU.Build.0 = Release|Any CPU
		{40E0846F-DEEB-41F8-8388-6330D7D31D9F}.Debug|Any CPU.ActiveCfg = Debug|Any CPU
		{40E0846F-DEEB-41F8-8388-6330D7D31D9F}.Debug|Any CPU.Build.0 = Debug|Any CPU
		{40E0846F-DEEB-41F8-8388-6330D7D31D9F}.Release|Any CPU.ActiveCfg = Release|Any CPU
		{40E0846F-DEEB-41F8-8388-6330D7D31D9F}.Release|Any CPU.Build.0 = Release|Any CPU
	EndGlobalSection
	GlobalSection(SolutionProperties) = preSolution
		HideSolutionNode = FALSE
	EndGlobalSection
	GlobalSection(ExtensibilityGlobals) = postSolution
		SolutionGuid = {80864C9D-E6CF-4EFD-8A94-728B64183DCE}
	EndGlobalSection
EndGlobal
