
Microsoft Visual Studio Solution File, Format Version 12.00
# Visual Studio Version 17
VisualStudioVersion = 17.3.32901.215
MinimumVisualStudioVersion = 10.0.40219.1
Project("{9A19103F-16F7-4668-BE54-9A1E7A4F7556}") = "01. Ages", "01. Ages\01. Ages.csproj", "{300B8FD7-149A-4CE5-8C30-5832568A31FA}"
EndProject
Project("{9A19103F-16F7-4668-BE54-9A1E7A4F7556}") = "02. Division", "02. Division\02. Division.csproj", "{67FC452E-4165-4D48-8F09-0E7857754075}"
EndProject
Project("{9A19103F-16F7-4668-BE54-9A1E7A4F7556}") = "03. Vacation", "03. Vacation\03. Vacation.csproj", "{C0045C64-A02B-4266-8FC6-87F805D47E85}"
EndProject
Project("{9A19103F-16F7-4668-BE54-9A1E7A4F7556}") = "04. Print and sum", "04. Print and sum\04. Print and sum.csproj", "{03E51E2D-DE0D-48E5-B359-A12B5A5B3F06}"
EndProject
Project("{9A19103F-16F7-4668-BE54-9A1E7A4F7556}") = "05. Login", "05. Login\05. Login.csproj", "{D69CBF52-17F3-44BF-911B-B792F4C568CE}"
EndProject
Project("{9A19103F-16F7-4668-BE54-9A1E7A4F7556}") = "06. Strong number", "06. Strong number\06. Strong number.csproj", "{42F319C0-8BCF-4F54-87CB-675933210063}"
EndProject
Project("{9A19103F-16F7-4668-BE54-9A1E7A4F7556}") = "7. Vending Machine", "7. Vending Machine\7. Vending Machine.csproj", "{81F4C064-0C02-4B90-9572-3AE896DA25E1}"
EndProject
Project("{FAE04EC0-301F-11D3-BF4B-00C04F79EFBC}") = "08. Triangle of Numbers", "08. Triangle of Numbers\08. Triangle of Numbers.csproj", "{580DF65E-4CA5-4B72-9F98-57F5F0EBB297}"
EndProject
Global
	GlobalSection(SolutionConfigurationPlatforms) = preSolution
		Debug|Any CPU = Debug|Any CPU
		Release|Any CPU = Release|Any CPU
	EndGlobalSection
	GlobalSection(ProjectConfigurationPlatforms) = postSolution
		{300B8FD7-149A-4CE5-8C30-5832568A31FA}.Debug|Any CPU.ActiveCfg = Debug|Any CPU
		{300B8FD7-149A-4CE5-8C30-5832568A31FA}.Debug|Any CPU.Build.0 = Debug|Any CPU
		{300B8FD7-149A-4CE5-8C30-5832568A31FA}.Release|Any CPU.ActiveCfg = Release|Any CPU
		{300B8FD7-149A-4CE5-8C30-5832568A31FA}.Release|Any CPU.Build.0 = Release|Any CPU
		{67FC452E-4165-4D48-8F09-0E7857754075}.Debug|Any CPU.ActiveCfg = Debug|Any CPU
		{67FC452E-4165-4D48-8F09-0E7857754075}.Debug|Any CPU.Build.0 = Debug|Any CPU
		{67FC452E-4165-4D48-8F09-0E7857754075}.Release|Any CPU.ActiveCfg = Release|Any CPU
		{67FC452E-4165-4D48-8F09-0E7857754075}.Release|Any CPU.Build.0 = Release|Any CPU
		{C0045C64-A02B-4266-8FC6-87F805D47E85}.Debug|Any CPU.ActiveCfg = Debug|Any CPU
		{C0045C64-A02B-4266-8FC6-87F805D47E85}.Debug|Any CPU.Build.0 = Debug|Any CPU
		{C0045C64-A02B-4266-8FC6-87F805D47E85}.Release|Any CPU.ActiveCfg = Release|Any CPU
		{C0045C64-A02B-4266-8FC6-87F805D47E85}.Release|Any CPU.Build.0 = Release|Any CPU
		{03E51E2D-DE0D-48E5-B359-A12B5A5B3F06}.Debug|Any CPU.ActiveCfg = Debug|Any CPU
		{03E51E2D-DE0D-48E5-B359-A12B5A5B3F06}.Debug|Any CPU.Build.0 = Debug|Any CPU
		{03E51E2D-DE0D-48E5-B359-A12B5A5B3F06}.Release|Any CPU.ActiveCfg = Release|Any CPU
		{03E51E2D-DE0D-48E5-B359-A12B5A5B3F06}.Release|Any CPU.Build.0 = Release|Any CPU
		{D69CBF52-17F3-44BF-911B-B792F4C568CE}.Debug|Any CPU.ActiveCfg = Debug|Any CPU
		{D69CBF52-17F3-44BF-911B-B792F4C568CE}.Debug|Any CPU.Build.0 = Debug|Any CPU
		{D69CBF52-17F3-44BF-911B-B792F4C568CE}.Release|Any CPU.ActiveCfg = Release|Any CPU
		{D69CBF52-17F3-44BF-911B-B792F4C568CE}.Release|Any CPU.Build.0 = Release|Any CPU
		{42F319C0-8BCF-4F54-87CB-675933210063}.Debug|Any CPU.ActiveCfg = Debug|Any CPU
		{42F319C0-8BCF-4F54-87CB-675933210063}.Debug|Any CPU.Build.0 = Debug|Any CPU
		{42F319C0-8BCF-4F54-87CB-675933210063}.Release|Any CPU.ActiveCfg = Release|Any CPU
		{42F319C0-8BCF-4F54-87CB-675933210063}.Release|Any CPU.Build.0 = Release|Any CPU
		{81F4C064-0C02-4B90-9572-3AE896DA25E1}.Debug|Any CPU.ActiveCfg = Debug|Any CPU
		{81F4C064-0C02-4B90-9572-3AE896DA25E1}.Debug|Any CPU.Build.0 = Debug|Any CPU
		{81F4C064-0C02-4B90-9572-3AE896DA25E1}.Release|Any CPU.ActiveCfg = Release|Any CPU
		{81F4C064-0C02-4B90-9572-3AE896DA25E1}.Release|Any CPU.Build.0 = Release|Any CPU
		{580DF65E-4CA5-4B72-9F98-57F5F0EBB297}.Debug|Any CPU.ActiveCfg = Debug|Any CPU
		{580DF65E-4CA5-4B72-9F98-57F5F0EBB297}.Debug|Any CPU.Build.0 = Debug|Any CPU
		{580DF65E-4CA5-4B72-9F98-57F5F0EBB297}.Release|Any CPU.ActiveCfg = Release|Any CPU
		{580DF65E-4CA5-4B72-9F98-57F5F0EBB297}.Release|Any CPU.Build.0 = Release|Any CPU
	EndGlobalSection
	GlobalSection(SolutionProperties) = preSolution
		HideSolutionNode = FALSE
	EndGlobalSection
	GlobalSection(ExtensibilityGlobals) = postSolution
		SolutionGuid = {E8099C35-F085-4619-AF01-E23BE8920E4F}
	EndGlobalSection
EndGlobal
